
Microsoft Visual Studio Solution File, Format Version 12.00
# Visual Studio Version 17
VisualStudioVersion = 17.9.34607.119
MinimumVisualStudioVersion = 10.0.40219.1
Project("{FAE04EC0-301F-11D3-BF4B-00C04F79EFBC}") = "CeitconDesigner", "CeitconDesigner\CeitconDesigner.csproj", "{CD02EC44-52EB-49BD-8948-8A43B785C0E7}"
EndProject
Project("{FAE04EC0-301F-11D3-BF4B-00C04F79EFBC}") = "CeitconPlayer", "CeitconPlayer\CeitconPlayer.csproj", "{538DFF9C-6478-4D11-A6DA-2C79651DB1D3}"
EndProject
Project("{FAE04EC0-301F-11D3-BF4B-00C04F79EFBC}") = "StreamPlayerControl", "StreamPlayerControl\StreamPlayerControl.csproj", "{AD063357-E96C-4920-9A05-D34633058162}"
EndProject
Project("{FAE04EC0-301F-11D3-BF4B-00C04F79EFBC}") = "CeitconData", "CeitconData\CeitconData.csproj", "{4E722FE3-B293-4839-A7AC-B76D8A197A0D}"
EndProject
Project("{FAE04EC0-301F-11D3-BF4B-00C04F79EFBC}") = "CeitconPlayerDownloader", "CeitconPlayerDownloader\CeitconPlayerDownloader.csproj", "{6A7F8BFE-D26F-4288-B7CF-75422DD8FBEE}"
EndProject
Project("{FAE04EC0-301F-11D3-BF4B-00C04F79EFBC}") = "CeitconService", "Service\CeitconService.csproj", "{D8241035-3406-4789-9523-571004FFE9C1}"
EndProject
Project("{54435603-DBB4-11D2-8724-00A0C9A8B90C}") = "CeitconSetup", "CeitconSetup\CeitconSetup.vdproj", "{AB20D952-C4F6-41BB-AC5A-87F6B77B80CD}"
EndProject
Project("{FAE04EC0-301F-11D3-BF4B-00C04F79EFBC}") = "CeitconSetupInstaller", "CeitconSetupInstaller\CeitconSetupInstaller.csproj", "{C14BD75D-0EC1-4664-B099-3BACA8DE174E}"
EndProject
Project("{FAE04EC0-301F-11D3-BF4B-00C04F79EFBC}") = "ColorBox", "ColorBox\ColorBox.csproj", "{40085232-ACED-4CBE-945B-90BA8153C151}"
EndProject
Project("{FAE04EC0-301F-11D3-BF4B-00C04F79EFBC}") = "TestConsole", "TestConsole\TestConsole.csproj", "{C8D27687-0E43-4CF4-8C20-43E98991F468}"
EndProject
Project("{FAE04EC0-301F-11D3-BF4B-00C04F79EFBC}") = "RTSPControl", "RTSPControl\RTSPControl.csproj", "{3093B4EC-3AFE-417E-A6AF-B8746336D023}"
EndProject
Project("{54435603-DBB4-11D2-8724-00A0C9A8B90C}") = "CeitconDesignerSetup", "CeitconDesignerSetup\CeitconDesignerSetup.vdproj", "{47FCECB1-78E6-4314-BE90-59508C8E6C2E}"
EndProject
Project("{FAE04EC0-301F-11D3-BF4B-00C04F79EFBC}") = "CDP_Encrpyt_Decrypt", "CDP_Encrpyt_Decrypt\CDP_Encrpyt_Decrypt.csproj", "{11CA6BEB-3BFD-42D6-A199-50E653C2D082}"
EndProject
Project("{2150E333-8FDC-42A3-9474-1A3956D46DE8}") = "Solution Items", "Solution Items", "{89D86AA2-8F28-40FC-A75B-3C948CAEF4F6}"
EndProject
Project("{9A19103F-16F7-4668-BE54-9A1E7A4F7556}") = "UploadProjects", "UploadProjects\UploadProjects.csproj", "{DDF62DEA-266E-480A-949E-1FC44791DF90}"
EndProject
Project("{54435603-DBB4-11D2-8724-00A0C9A8B90C}") = "CeitconSignageSetup", "CeitconSignageSetup\CeitconSignageSetup.vdproj", "{E5A1D874-D308-1DDC-C185-777EB8DD64E9}"
EndProject
Global
	GlobalSection(SolutionConfigurationPlatforms) = preSolution
		Debug|Any CPU = Debug|Any CPU
		Debug|x64 = Debug|x64
		Debug|x86 = Debug|x86
		Release|Any CPU = Release|Any CPU
		Release|x64 = Release|x64
		Release|x86 = Release|x86
	EndGlobalSection
	GlobalSection(ProjectConfigurationPlatforms) = postSolution
		{CD02EC44-52EB-49BD-8948-8A43B785C0E7}.Debug|Any CPU.ActiveCfg = Debug|Any CPU
		{CD02EC44-52EB-49BD-8948-8A43B785C0E7}.Debug|Any CPU.Build.0 = Debug|Any CPU
		{CD02EC44-52EB-49BD-8948-8A43B785C0E7}.Debug|x64.ActiveCfg = Debug|x64
		{CD02EC44-52EB-49BD-8948-8A43B785C0E7}.Debug|x64.Build.0 = Debug|x64
		{CD02EC44-52EB-49BD-8948-8A43B785C0E7}.Debug|x86.ActiveCfg = Debug|Any CPU
		{CD02EC44-52EB-49BD-8948-8A43B785C0E7}.Debug|x86.Build.0 = Debug|Any CPU
		{CD02EC44-52EB-49BD-8948-8A43B785C0E7}.Release|Any CPU.ActiveCfg = Release|Any CPU
		{CD02EC44-52EB-49BD-8948-8A43B785C0E7}.Release|Any CPU.Build.0 = Release|Any CPU
		{CD02EC44-52EB-49BD-8948-8A43B785C0E7}.Release|x64.ActiveCfg = Release|x64
		{CD02EC44-52EB-49BD-8948-8A43B785C0E7}.Release|x64.Build.0 = Release|x64
		{CD02EC44-52EB-49BD-8948-8A43B785C0E7}.Release|x86.ActiveCfg = Release|Any CPU
		{CD02EC44-52EB-49BD-8948-8A43B785C0E7}.Release|x86.Build.0 = Release|Any CPU
		{538DFF9C-6478-4D11-A6DA-2C79651DB1D3}.Debug|Any CPU.ActiveCfg = Debug|Any CPU
		{538DFF9C-6478-4D11-A6DA-2C79651DB1D3}.Debug|Any CPU.Build.0 = Debug|Any CPU
		{538DFF9C-6478-4D11-A6DA-2C79651DB1D3}.Debug|x64.ActiveCfg = Debug|x64
		{538DFF9C-6478-4D11-A6DA-2C79651DB1D3}.Debug|x64.Build.0 = Debug|x64
		{538DFF9C-6478-4D11-A6DA-2C79651DB1D3}.Debug|x86.ActiveCfg = Debug|Any CPU
		{538DFF9C-6478-4D11-A6DA-2C79651DB1D3}.Debug|x86.Build.0 = Debug|Any CPU
		{538DFF9C-6478-4D11-A6DA-2C79651DB1D3}.Release|Any CPU.ActiveCfg = Release|Any CPU
		{538DFF9C-6478-4D11-A6DA-2C79651DB1D3}.Release|Any CPU.Build.0 = Release|Any CPU
		{538DFF9C-6478-4D11-A6DA-2C79651DB1D3}.Release|x64.ActiveCfg = Release|x64
		{538DFF9C-6478-4D11-A6DA-2C79651DB1D3}.Release|x64.Build.0 = Release|x64
		{538DFF9C-6478-4D11-A6DA-2C79651DB1D3}.Release|x86.ActiveCfg = Release|Any CPU
		{538DFF9C-6478-4D11-A6DA-2C79651DB1D3}.Release|x86.Build.0 = Release|Any CPU
		{AD063357-E96C-4920-9A05-D34633058162}.Debug|Any CPU.ActiveCfg = Debug|Any CPU
		{AD063357-E96C-4920-9A05-D34633058162}.Debug|Any CPU.Build.0 = Debug|Any CPU
		{AD063357-E96C-4920-9A05-D34633058162}.Debug|x64.ActiveCfg = Debug|x64
		{AD063357-E96C-4920-9A05-D34633058162}.Debug|x64.Build.0 = Debug|x64
		{AD063357-E96C-4920-9A05-D34633058162}.Debug|x86.ActiveCfg = Debug|Any CPU
		{AD063357-E96C-4920-9A05-D34633058162}.Debug|x86.Build.0 = Debug|Any CPU
		{AD063357-E96C-4920-9A05-D34633058162}.Release|Any CPU.ActiveCfg = Release|Any CPU
		{AD063357-E96C-4920-9A05-D34633058162}.Release|Any CPU.Build.0 = Release|Any CPU
		{AD063357-E96C-4920-9A05-D34633058162}.Release|x64.ActiveCfg = Release|x64
		{AD063357-E96C-4920-9A05-D34633058162}.Release|x64.Build.0 = Release|x64
		{AD063357-E96C-4920-9A05-D34633058162}.Release|x86.ActiveCfg = Release|Any CPU
		{AD063357-E96C-4920-9A05-D34633058162}.Release|x86.Build.0 = Release|Any CPU
		{4E722FE3-B293-4839-A7AC-B76D8A197A0D}.Debug|Any CPU.ActiveCfg = Debug|Any CPU
		{4E722FE3-B293-4839-A7AC-B76D8A197A0D}.Debug|Any CPU.Build.0 = Debug|Any CPU
		{4E722FE3-B293-4839-A7AC-B76D8A197A0D}.Debug|x64.ActiveCfg = Debug|x64
		{4E722FE3-B293-4839-A7AC-B76D8A197A0D}.Debug|x64.Build.0 = Debug|x64
		{4E722FE3-B293-4839-A7AC-B76D8A197A0D}.Debug|x86.ActiveCfg = Debug|Any CPU
		{4E722FE3-B293-4839-A7AC-B76D8A197A0D}.Debug|x86.Build.0 = Debug|Any CPU
		{4E722FE3-B293-4839-A7AC-B76D8A197A0D}.Release|Any CPU.ActiveCfg = Release|Any CPU
		{4E722FE3-B293-4839-A7AC-B76D8A197A0D}.Release|Any CPU.Build.0 = Release|Any CPU
		{4E722FE3-B293-4839-A7AC-B76D8A197A0D}.Release|x64.ActiveCfg = Release|x64
		{4E722FE3-B293-4839-A7AC-B76D8A197A0D}.Release|x64.Build.0 = Release|x64
		{4E722FE3-B293-4839-A7AC-B76D8A197A0D}.Release|x86.ActiveCfg = Release|Any CPU
		{4E722FE3-B293-4839-A7AC-B76D8A197A0D}.Release|x86.Build.0 = Release|Any CPU
		{6A7F8BFE-D26F-4288-B7CF-75422DD8FBEE}.Debug|Any CPU.ActiveCfg = Debug|Any CPU
		{6A7F8BFE-D26F-4288-B7CF-75422DD8FBEE}.Debug|Any CPU.Build.0 = Debug|Any CPU
		{6A7F8BFE-D26F-4288-B7CF-75422DD8FBEE}.Debug|x64.ActiveCfg = Debug|x64
		{6A7F8BFE-D26F-4288-B7CF-75422DD8FBEE}.Debug|x64.Build.0 = Debug|x64
		{6A7F8BFE-D26F-4288-B7CF-75422DD8FBEE}.Debug|x86.ActiveCfg = Debug|Any CPU
		{6A7F8BFE-D26F-4288-B7CF-75422DD8FBEE}.Debug|x86.Build.0 = Debug|Any CPU
		{6A7F8BFE-D26F-4288-B7CF-75422DD8FBEE}.Release|Any CPU.ActiveCfg = Release|Any CPU
		{6A7F8BFE-D26F-4288-B7CF-75422DD8FBEE}.Release|Any CPU.Build.0 = Release|Any CPU
		{6A7F8BFE-D26F-4288-B7CF-75422DD8FBEE}.Release|x64.ActiveCfg = Release|x64
		{6A7F8BFE-D26F-4288-B7CF-75422DD8FBEE}.Release|x64.Build.0 = Release|x64
		{6A7F8BFE-D26F-4288-B7CF-75422DD8FBEE}.Release|x86.ActiveCfg = Release|Any CPU
		{6A7F8BFE-D26F-4288-B7CF-75422DD8FBEE}.Release|x86.Build.0 = Release|Any CPU
		{D8241035-3406-4789-9523-571004FFE9C1}.Debug|Any CPU.ActiveCfg = Debug|Any CPU
		{D8241035-3406-4789-9523-571004FFE9C1}.Debug|Any CPU.Build.0 = Debug|Any CPU
		{D8241035-3406-4789-9523-571004FFE9C1}.Debug|x64.ActiveCfg = Debug|x64
		{D8241035-3406-4789-9523-571004FFE9C1}.Debug|x64.Build.0 = Debug|x64
		{D8241035-3406-4789-9523-571004FFE9C1}.Debug|x86.ActiveCfg = Debug|Any CPU
		{D8241035-3406-4789-9523-571004FFE9C1}.Debug|x86.Build.0 = Debug|Any CPU
		{D8241035-3406-4789-9523-571004FFE9C1}.Release|Any CPU.ActiveCfg = Release|Any CPU
		{D8241035-3406-4789-9523-571004FFE9C1}.Release|Any CPU.Build.0 = Release|Any CPU
		{D8241035-3406-4789-9523-571004FFE9C1}.Release|x64.ActiveCfg = Release|x64
		{D8241035-3406-4789-9523-571004FFE9C1}.Release|x64.Build.0 = Release|x64
		{D8241035-3406-4789-9523-571004FFE9C1}.Release|x86.ActiveCfg = Release|Any CPU
		{D8241035-3406-4789-9523-571004FFE9C1}.Release|x86.Build.0 = Release|Any CPU
		{AB20D952-C4F6-41BB-AC5A-87F6B77B80CD}.Debug|Any CPU.ActiveCfg = Debug
		{AB20D952-C4F6-41BB-AC5A-87F6B77B80CD}.Debug|x64.ActiveCfg = Debug
		{AB20D952-C4F6-41BB-AC5A-87F6B77B80CD}.Debug|x86.ActiveCfg = Debug
		{AB20D952-C4F6-41BB-AC5A-87F6B77B80CD}.Release|Any CPU.ActiveCfg = Release
		{AB20D952-C4F6-41BB-AC5A-87F6B77B80CD}.Release|x64.ActiveCfg = Release
		{AB20D952-C4F6-41BB-AC5A-87F6B77B80CD}.Release|x86.ActiveCfg = Release
		{C14BD75D-0EC1-4664-B099-3BACA8DE174E}.Debug|Any CPU.ActiveCfg = Debug|Any CPU
		{C14BD75D-0EC1-4664-B099-3BACA8DE174E}.Debug|Any CPU.Build.0 = Debug|Any CPU
		{C14BD75D-0EC1-4664-B099-3BACA8DE174E}.Debug|x64.ActiveCfg = Debug|x64
		{C14BD75D-0EC1-4664-B099-3BACA8DE174E}.Debug|x64.Build.0 = Debug|x64
		{C14BD75D-0EC1-4664-B099-3BACA8DE174E}.Debug|x86.ActiveCfg = Debug|Any CPU
		{C14BD75D-0EC1-4664-B099-3BACA8DE174E}.Debug|x86.Build.0 = Debug|Any CPU
		{C14BD75D-0EC1-4664-B099-3BACA8DE174E}.Release|Any CPU.ActiveCfg = Release|Any CPU
		{C14BD75D-0EC1-4664-B099-3BACA8DE174E}.Release|Any CPU.Build.0 = Release|Any CPU
		{C14BD75D-0EC1-4664-B099-3BACA8DE174E}.Release|x64.ActiveCfg = Release|x64
		{C14BD75D-0EC1-4664-B099-3BACA8DE174E}.Release|x64.Build.0 = Release|x64
		{C14BD75D-0EC1-4664-B099-3BACA8DE174E}.Release|x86.ActiveCfg = Release|Any CPU
		{C14BD75D-0EC1-4664-B099-3BACA8DE174E}.Release|x86.Build.0 = Release|Any CPU
		{40085232-ACED-4CBE-945B-90BA8153C151}.Debug|Any CPU.ActiveCfg = Debug|Any CPU
		{40085232-ACED-4CBE-945B-90BA8153C151}.Debug|Any CPU.Build.0 = Debug|Any CPU
		{40085232-ACED-4CBE-945B-90BA8153C151}.Debug|x64.ActiveCfg = Debug|Any CPU
		{40085232-ACED-4CBE-945B-90BA8153C151}.Debug|x86.ActiveCfg = Debug|Any CPU
		{40085232-ACED-4CBE-945B-90BA8153C151}.Debug|x86.Build.0 = Debug|Any CPU
		{40085232-ACED-4CBE-945B-90BA8153C151}.Release|Any CPU.ActiveCfg = Release|Any CPU
		{40085232-ACED-4CBE-945B-90BA8153C151}.Release|Any CPU.Build.0 = Release|Any CPU
		{40085232-ACED-4CBE-945B-90BA8153C151}.Release|x64.ActiveCfg = Release|Any CPU
		{40085232-ACED-4CBE-945B-90BA8153C151}.Release|x86.ActiveCfg = Release|Any CPU
		{40085232-ACED-4CBE-945B-90BA8153C151}.Release|x86.Build.0 = Release|Any CPU
		{C8D27687-0E43-4CF4-8C20-43E98991F468}.Debug|Any CPU.ActiveCfg = Debug|Any CPU
		{C8D27687-0E43-4CF4-8C20-43E98991F468}.Debug|Any CPU.Build.0 = Debug|Any CPU
		{C8D27687-0E43-4CF4-8C20-43E98991F468}.Debug|x64.ActiveCfg = Debug|Any CPU
		{C8D27687-0E43-4CF4-8C20-43E98991F468}.Debug|x64.Build.0 = Debug|Any CPU
		{C8D27687-0E43-4CF4-8C20-43E98991F468}.Debug|x86.ActiveCfg = Debug|Any CPU
		{C8D27687-0E43-4CF4-8C20-43E98991F468}.Debug|x86.Build.0 = Debug|Any CPU
		{C8D27687-0E43-4CF4-8C20-43E98991F468}.Release|Any CPU.ActiveCfg = Release|Any CPU
		{C8D27687-0E43-4CF4-8C20-43E98991F468}.Release|Any CPU.Build.0 = Release|Any CPU
		{C8D27687-0E43-4CF4-8C20-43E98991F468}.Release|x64.ActiveCfg = Release|Any CPU
		{C8D27687-0E43-4CF4-8C20-43E98991F468}.Release|x64.Build.0 = Release|Any CPU
		{C8D27687-0E43-4CF4-8C20-43E98991F468}.Release|x86.ActiveCfg = Release|Any CPU
		{C8D27687-0E43-4CF4-8C20-43E98991F468}.Release|x86.Build.0 = Release|Any CPU
		{3093B4EC-3AFE-417E-A6AF-B8746336D023}.Debug|Any CPU.ActiveCfg = Debug|Any CPU
		{3093B4EC-3AFE-417E-A6AF-B8746336D023}.Debug|Any CPU.Build.0 = Debug|Any CPU
		{3093B4EC-3AFE-417E-A6AF-B8746336D023}.Debug|x64.ActiveCfg = Debug|Any CPU
		{3093B4EC-3AFE-417E-A6AF-B8746336D023}.Debug|x64.Build.0 = Debug|Any CPU
		{3093B4EC-3AFE-417E-A6AF-B8746336D023}.Debug|x86.ActiveCfg = Debug|Any CPU
		{3093B4EC-3AFE-417E-A6AF-B8746336D023}.Debug|x86.Build.0 = Debug|Any CPU
		{3093B4EC-3AFE-417E-A6AF-B8746336D023}.Release|Any CPU.ActiveCfg = Release|Any CPU
		{3093B4EC-3AFE-417E-A6AF-B8746336D023}.Release|Any CPU.Build.0 = Release|Any CPU
		{3093B4EC-3AFE-417E-A6AF-B8746336D023}.Release|x64.ActiveCfg = Release|Any CPU
		{3093B4EC-3AFE-417E-A6AF-B8746336D023}.Release|x64.Build.0 = Release|Any CPU
		{3093B4EC-3AFE-417E-A6AF-B8746336D023}.Release|x86.ActiveCfg = Release|Any CPU
		{3093B4EC-3AFE-417E-A6AF-B8746336D023}.Release|x86.Build.0 = Release|Any CPU
		{47FCECB1-78E6-4314-BE90-59508C8E6C2E}.Debug|Any CPU.ActiveCfg = Debug
		{47FCECB1-78E6-4314-BE90-59508C8E6C2E}.Debug|x64.ActiveCfg = Debug
		{47FCECB1-78E6-4314-BE90-59508C8E6C2E}.Debug|x86.ActiveCfg = Debug
		{47FCECB1-78E6-4314-BE90-59508C8E6C2E}.Release|Any CPU.ActiveCfg = Release
		{47FCECB1-78E6-4314-BE90-59508C8E6C2E}.Release|x64.ActiveCfg = Release
		{47FCECB1-78E6-4314-BE90-59508C8E6C2E}.Release|x86.ActiveCfg = Release
		{11CA6BEB-3BFD-42D6-A199-50E653C2D082}.Debug|Any CPU.ActiveCfg = Debug|Any CPU
		{11CA6BEB-3BFD-42D6-A199-50E653C2D082}.Debug|Any CPU.Build.0 = Debug|Any CPU
		{11CA6BEB-3BFD-42D6-A199-50E653C2D082}.Debug|x64.ActiveCfg = Debug|Any CPU
		{11CA6BEB-3BFD-42D6-A199-50E653C2D082}.Debug|x64.Build.0 = Debug|Any CPU
		{11CA6BEB-3BFD-42D6-A199-50E653C2D082}.Debug|x86.ActiveCfg = Debug|Any CPU
		{11CA6BEB-3BFD-42D6-A199-50E653C2D082}.Debug|x86.Build.0 = Debug|Any CPU
		{11CA6BEB-3BFD-42D6-A199-50E653C2D082}.Release|Any CPU.ActiveCfg = Release|Any CPU
		{11CA6BEB-3BFD-42D6-A199-50E653C2D082}.Release|Any CPU.Build.0 = Release|Any CPU
		{11CA6BEB-3BFD-42D6-A199-50E653C2D082}.Release|x64.ActiveCfg = Release|Any CPU
		{11CA6BEB-3BFD-42D6-A199-50E653C2D082}.Release|x64.Build.0 = Release|Any CPU
		{11CA6BEB-3BFD-42D6-A199-50E653C2D082}.Release|x86.ActiveCfg = Release|Any CPU
		{11CA6BEB-3BFD-42D6-A199-50E653C2D082}.Release|x86.Build.0 = Release|Any CPU
		{DDF62DEA-266E-480A-949E-1FC44791DF90}.Debug|Any CPU.ActiveCfg = Debug|Any CPU
		{DDF62DEA-266E-480A-949E-1FC44791DF90}.Debug|Any CPU.Build.0 = Debug|Any CPU
		{DDF62DEA-266E-480A-949E-1FC44791DF90}.Debug|x64.ActiveCfg = Debug|Any CPU
		{DDF62DEA-266E-480A-949E-1FC44791DF90}.Debug|x64.Build.0 = Debug|Any CPU
		{DDF62DEA-266E-480A-949E-1FC44791DF90}.Debug|x86.ActiveCfg = Debug|Any CPU
		{DDF62DEA-266E-480A-949E-1FC44791DF90}.Debug|x86.Build.0 = Debug|Any CPU
		{DDF62DEA-266E-480A-949E-1FC44791DF90}.Release|Any CPU.ActiveCfg = Release|Any CPU
		{DDF62DEA-266E-480A-949E-1FC44791DF90}.Release|Any CPU.Build.0 = Release|Any CPU
		{DDF62DEA-266E-480A-949E-1FC44791DF90}.Release|x64.ActiveCfg = Release|Any CPU
		{DDF62DEA-266E-480A-949E-1FC44791DF90}.Release|x64.Build.0 = Release|Any CPU
		{DDF62DEA-266E-480A-949E-1FC44791DF90}.Release|x86.ActiveCfg = Release|Any CPU
		{DDF62DEA-266E-480A-949E-1FC44791DF90}.Release|x86.Build.0 = Release|Any CPU
		{E5A1D874-D308-1DDC-C185-777EB8DD64E9}.Debug|Any CPU.ActiveCfg = Debug
		{E5A1D874-D308-1DDC-C185-777EB8DD64E9}.Debug|x64.ActiveCfg = Debug
		{E5A1D874-D308-1DDC-C185-777EB8DD64E9}.Debug|x86.ActiveCfg = Debug
		{E5A1D874-D308-1DDC-C185-777EB8DD64E9}.Release|Any CPU.ActiveCfg = Release
		{E5A1D874-D308-1DDC-C185-777EB8DD64E9}.Release|x64.ActiveCfg = Release
		{E5A1D874-D308-1DDC-C185-777EB8DD64E9}.Release|x86.ActiveCfg = Release
	EndGlobalSection
	GlobalSection(SolutionProperties) = preSolution
		HideSolutionNode = FALSE
	EndGlobalSection
	GlobalSection(ExtensibilityGlobals) = postSolution
		SolutionGuid = {8420F1FB-BC71-4533-BDBB-65DC4859981E}
	EndGlobalSection
EndGlobal
